
Microsoft Visual Studio Solution File, Format Version 12.00
# Visual Studio Version 17
VisualStudioVersion = 17.7.34202.233
MinimumVisualStudioVersion = 10.0.40219.1
Project("{FAE04EC0-301F-11D3-BF4B-00C04F79EFBC}") = "Uppgift 4.9 inlämning", "Uppgift 4.9 inlämning\Uppgift 4.9 inlämning.csproj", "{D7AC154C-B269-4C9C-9A3C-5E3A79CD63A5}"
EndProject
Global
	GlobalSection(SolutionConfigurationPlatforms) = preSolution
		Debug|Any CPU = Debug|Any CPU
		Release|Any CPU = Release|Any CPU
	EndGlobalSection
	GlobalSection(ProjectConfigurationPlatforms) = postSolution
		{D7AC154C-B269-4C9C-9A3C-5E3A79CD63A5}.Debug|Any CPU.ActiveCfg = Debug|Any CPU
		{D7AC154C-B269-4C9C-9A3C-5E3A79CD63A5}.Debug|Any CPU.Build.0 = Debug|Any CPU
		{D7AC154C-B269-4C9C-9A3C-5E3A79CD63A5}.Release|Any CPU.ActiveCfg = Release|Any CPU
		{D7AC154C-B269-4C9C-9A3C-5E3A79CD63A5}.Release|Any CPU.Build.0 = Release|Any CPU
	EndGlobalSection
	GlobalSection(SolutionProperties) = preSolution
		HideSolutionNode = FALSE
	EndGlobalSection
	GlobalSection(ExtensibilityGlobals) = postSolution
		SolutionGuid = {8A4B314F-127D-4F3A-8172-8D31FB43FE23}
	EndGlobalSection
EndGlobal
